// !$*UTF8*$!
{
	archiveVersion = 1;
	classes = {
	};
	objectVersion = 51;
	objects = {

/* Begin PBXBuildFile section */
		66FDEE7D8FC146007FC02896 /* Pods_RestaurantSearcher.framework in Frameworks */ = {isa = PBXBuildFile; fileRef = 15AEAF3E3C9FA478480F079B /* Pods_RestaurantSearcher.framework */; };
		8402C6D2241DBA50002923BF /* TableViewCell.swift in Sources */ = {isa = PBXBuildFile; fileRef = 8402C6D0241DBA50002923BF /* TableViewCell.swift */; };
		8402C6D3241DBA50002923BF /* TableViewCell.xib in Resources */ = {isa = PBXBuildFile; fileRef = 8402C6D1241DBA50002923BF /* TableViewCell.xib */; };
		8402C6D5241DE583002923BF /* DetailViewController.swift in Sources */ = {isa = PBXBuildFile; fileRef = 8402C6D4241DE583002923BF /* DetailViewController.swift */; };
		8417E21224279A3F00E0B0F2 /* Rating.swift in Sources */ = {isa = PBXBuildFile; fileRef = 8417E21124279A3F00E0B0F2 /* Rating.swift */; };
		8417E2152427A51700E0B0F2 /* RatingTableViewCell.swift in Sources */ = {isa = PBXBuildFile; fileRef = 8417E2132427A51700E0B0F2 /* RatingTableViewCell.swift */; };
		8417E2162427A51700E0B0F2 /* RatingTableViewCell.xib in Resources */ = {isa = PBXBuildFile; fileRef = 8417E2142427A51700E0B0F2 /* RatingTableViewCell.xib */; };
		8452AFCB241B691000364C8D /* AppDelegate.swift in Sources */ = {isa = PBXBuildFile; fileRef = 8452AFCA241B691000364C8D /* AppDelegate.swift */; };
		8452AFCD241B691000364C8D /* SceneDelegate.swift in Sources */ = {isa = PBXBuildFile; fileRef = 8452AFCC241B691000364C8D /* SceneDelegate.swift */; };
		8452AFCF241B691000364C8D /* ViewController.swift in Sources */ = {isa = PBXBuildFile; fileRef = 8452AFCE241B691000364C8D /* ViewController.swift */; };
		8452AFD2241B691000364C8D /* Main.storyboard in Resources */ = {isa = PBXBuildFile; fileRef = 8452AFD0241B691000364C8D /* Main.storyboard */; };
		8452AFD4241B691400364C8D /* Assets.xcassets in Resources */ = {isa = PBXBuildFile; fileRef = 8452AFD3241B691400364C8D /* Assets.xcassets */; };
		8452AFD7241B691400364C8D /* LaunchScreen.storyboard in Resources */ = {isa = PBXBuildFile; fileRef = 8452AFD5241B691400364C8D /* LaunchScreen.storyboard */; };
		8452AFE1241CC43800364C8D /* Restaurans.swift in Sources */ = {isa = PBXBuildFile; fileRef = 8452AFE0241CC43800364C8D /* Restaurans.swift */; };
		847AE48E242104F500C2FAD4 /* ResultViewController.swift in Sources */ = {isa = PBXBuildFile; fileRef = 847AE48D242104F500C2FAD4 /* ResultViewController.swift */; };
/* End PBXBuildFile section */

/* Begin PBXFileReference section */
		15AEAF3E3C9FA478480F079B /* Pods_RestaurantSearcher.framework */ = {isa = PBXFileReference; explicitFileType = wrapper.framework; includeInIndex = 0; path = Pods_RestaurantSearcher.framework; sourceTree = BUILT_PRODUCTS_DIR; };
		4FFF1566392CDDC833FD15B1 /* Pods-RestaurantSearcher.release.xcconfig */ = {isa = PBXFileReference; includeInIndex = 1; lastKnownFileType = text.xcconfig; name = "Pods-RestaurantSearcher.release.xcconfig"; path = "Target Support Files/Pods-RestaurantSearcher/Pods-RestaurantSearcher.release.xcconfig"; sourceTree = "<group>"; };
		8402C6D0241DBA50002923BF /* TableViewCell.swift */ = {isa = PBXFileReference; lastKnownFileType = sourcecode.swift; path = TableViewCell.swift; sourceTree = "<group>"; };
		8402C6D1241DBA50002923BF /* TableViewCell.xib */ = {isa = PBXFileReference; lastKnownFileType = file.xib; path = TableViewCell.xib; sourceTree = "<group>"; };
		8402C6D4241DE583002923BF /* DetailViewController.swift */ = {isa = PBXFileReference; lastKnownFileType = sourcecode.swift; path = DetailViewController.swift; sourceTree = "<group>"; };
		8417E21124279A3F00E0B0F2 /* Rating.swift */ = {isa = PBXFileReference; lastKnownFileType = sourcecode.swift; path = Rating.swift; sourceTree = "<group>"; };
		8417E2132427A51700E0B0F2 /* RatingTableViewCell.swift */ = {isa = PBXFileReference; lastKnownFileType = sourcecode.swift; path = RatingTableViewCell.swift; sourceTree = "<group>"; };
		8417E2142427A51700E0B0F2 /* RatingTableViewCell.xib */ = {isa = PBXFileReference; lastKnownFileType = file.xib; path = RatingTableViewCell.xib; sourceTree = "<group>"; };
		8452AFC7241B691000364C8D /* RestaurantSearcher.app */ = {isa = PBXFileReference; explicitFileType = wrapper.application; includeInIndex = 0; path = RestaurantSearcher.app; sourceTree = BUILT_PRODUCTS_DIR; };
		8452AFCA241B691000364C8D /* AppDelegate.swift */ = {isa = PBXFileReference; lastKnownFileType = sourcecode.swift; path = AppDelegate.swift; sourceTree = "<group>"; };
		8452AFCC241B691000364C8D /* SceneDelegate.swift */ = {isa = PBXFileReference; lastKnownFileType = sourcecode.swift; path = SceneDelegate.swift; sourceTree = "<group>"; };
		8452AFCE241B691000364C8D /* ViewController.swift */ = {isa = PBXFileReference; lastKnownFileType = sourcecode.swift; path = ViewController.swift; sourceTree = "<group>"; };
		8452AFD1241B691000364C8D /* Base */ = {isa = PBXFileReference; lastKnownFileType = file.storyboard; name = Base; path = Base.lproj/Main.storyboard; sourceTree = "<group>"; };
		8452AFD3241B691400364C8D /* Assets.xcassets */ = {isa = PBXFileReference; lastKnownFileType = folder.assetcatalog; path = Assets.xcassets; sourceTree = "<group>"; };
		8452AFD6241B691400364C8D /* Base */ = {isa = PBXFileReference; lastKnownFileType = file.storyboard; name = Base; path = Base.lproj/LaunchScreen.storyboard; sourceTree = "<group>"; };
		8452AFD8241B691400364C8D /* Info.plist */ = {isa = PBXFileReference; lastKnownFileType = text.plist.xml; path = Info.plist; sourceTree = "<group>"; };
		8452AFE0241CC43800364C8D /* Restaurans.swift */ = {isa = PBXFileReference; lastKnownFileType = sourcecode.swift; path = Restaurans.swift; sourceTree = "<group>"; };
		847AE48D242104F500C2FAD4 /* ResultViewController.swift */ = {isa = PBXFileReference; lastKnownFileType = sourcecode.swift; path = ResultViewController.swift; sourceTree = "<group>"; };
		94E1042CFBDC6EF56F283FAC /* Pods-RestaurantSearcher.debug.xcconfig */ = {isa = PBXFileReference; includeInIndex = 1; lastKnownFileType = text.xcconfig; name = "Pods-RestaurantSearcher.debug.xcconfig"; path = "Target Support Files/Pods-RestaurantSearcher/Pods-RestaurantSearcher.debug.xcconfig"; sourceTree = "<group>"; };
/* End PBXFileReference section */

/* Begin PBXFrameworksBuildPhase section */
		8452AFC4241B691000364C8D /* Frameworks */ = {
			isa = PBXFrameworksBuildPhase;
			buildActionMask = 2147483647;
			files = (
				66FDEE7D8FC146007FC02896 /* Pods_RestaurantSearcher.framework in Frameworks */,
			);
			runOnlyForDeploymentPostprocessing = 0;
		};
/* End PBXFrameworksBuildPhase section */

/* Begin PBXGroup section */
		5A8178F02ECAFAEC6B2DB5D7 /* Frameworks */ = {
			isa = PBXGroup;
			children = (
				15AEAF3E3C9FA478480F079B /* Pods_RestaurantSearcher.framework */,
			);
			name = Frameworks;
			sourceTree = "<group>";
		};
		8452AFBE241B691000364C8D = {
			isa = PBXGroup;
			children = (
				8452AFC9241B691000364C8D /* RestaurantSearcher */,
				8452AFC8241B691000364C8D /* Products */,
				FE1549F1A07B296DF5300C42 /* Pods */,
				5A8178F02ECAFAEC6B2DB5D7 /* Frameworks */,
			);
			sourceTree = "<group>";
		};
		8452AFC8241B691000364C8D /* Products */ = {
			isa = PBXGroup;
			children = (
				8452AFC7241B691000364C8D /* RestaurantSearcher.app */,
			);
			name = Products;
			sourceTree = "<group>";
		};
		8452AFC9241B691000364C8D /* RestaurantSearcher */ = {
			isa = PBXGroup;
			children = (
				8452AFCA241B691000364C8D /* AppDelegate.swift */,
				8452AFCC241B691000364C8D /* SceneDelegate.swift */,
				8452AFCE241B691000364C8D /* ViewController.swift */,
				847AE48D242104F500C2FAD4 /* ResultViewController.swift */,
				8402C6D0241DBA50002923BF /* TableViewCell.swift */,
				8402C6D4241DE583002923BF /* DetailViewController.swift */,
				8417E2132427A51700E0B0F2 /* RatingTableViewCell.swift */,
				8452AFE0241CC43800364C8D /* Restaurans.swift */,
				8417E21124279A3F00E0B0F2 /* Rating.swift */,
				8402C6D1241DBA50002923BF /* TableViewCell.xib */,
				8417E2142427A51700E0B0F2 /* RatingTableViewCell.xib */,
				8452AFD0241B691000364C8D /* Main.storyboard */,
				8452AFD3241B691400364C8D /* Assets.xcassets */,
				8452AFD5241B691400364C8D /* LaunchScreen.storyboard */,
				8452AFD8241B691400364C8D /* Info.plist */,
			);
			path = RestaurantSearcher;
			sourceTree = "<group>";
		};
		FE1549F1A07B296DF5300C42 /* Pods */ = {
			isa = PBXGroup;
			children = (
				94E1042CFBDC6EF56F283FAC /* Pods-RestaurantSearcher.debug.xcconfig */,
				4FFF1566392CDDC833FD15B1 /* Pods-RestaurantSearcher.release.xcconfig */,
			);
			path = Pods;
			sourceTree = "<group>";
		};
/* End PBXGroup section */

/* Begin PBXNativeTarget section */
		8452AFC6241B691000364C8D /* RestaurantSearcher */ = {
			isa = PBXNativeTarget;
			buildConfigurationList = 8452AFDB241B691400364C8D /* Build configuration list for PBXNativeTarget "RestaurantSearcher" */;
			buildPhases = (
				C96723814CAF12C6F7BDB5C3 /* [CP] Check Pods Manifest.lock */,
				8452AFC3241B691000364C8D /* Sources */,
				8452AFC4241B691000364C8D /* Frameworks */,
				8452AFC5241B691000364C8D /* Resources */,
				20E6BC3B55B54364FF473910 /* [CP] Embed Pods Frameworks */,
			);
			buildRules = (
			);
			dependencies = (
			);
			name = RestaurantSearcher;
			productName = RestaurantSearcher;
			productReference = 8452AFC7241B691000364C8D /* RestaurantSearcher.app */;
			productType = "com.apple.product-type.application";
		};
/* End PBXNativeTarget section */

/* Begin PBXProject section */
		8452AFBF241B691000364C8D /* Project object */ = {
			isa = PBXProject;
			attributes = {
				LastSwiftUpdateCheck = 1130;
				LastUpgradeCheck = 1130;
				ORGANIZATIONNAME = "Terumu Watanabe";
				TargetAttributes = {
					8452AFC6241B691000364C8D = {
						CreatedOnToolsVersion = 11.3.1;
					};
				};
			};
			buildConfigurationList = 8452AFC2241B691000364C8D /* Build configuration list for PBXProject "RestaurantSearcher" */;
			compatibilityVersion = "Xcode 9.3";
			developmentRegion = en;
			hasScannedForEncodings = 0;
			knownRegions = (
				en,
				Base,
			);
			mainGroup = 8452AFBE241B691000364C8D;
			productRefGroup = 8452AFC8241B691000364C8D /* Products */;
			projectDirPath = "";
			projectRoot = "";
			targets = (
				8452AFC6241B691000364C8D /* RestaurantSearcher */,
			);
		};
/* End PBXProject section */

/* Begin PBXResourcesBuildPhase section */
		8452AFC5241B691000364C8D /* Resources */ = {
			isa = PBXResourcesBuildPhase;
			buildActionMask = 2147483647;
			files = (
				8452AFD7241B691400364C8D /* LaunchScreen.storyboard in Resources */,
				8417E2162427A51700E0B0F2 /* RatingTableViewCell.xib in Resources */,
				8402C6D3241DBA50002923BF /* TableViewCell.xib in Resources */,
				8452AFD4241B691400364C8D /* Assets.xcassets in Resources */,
				8452AFD2241B691000364C8D /* Main.storyboard in Resources */,
			);
			runOnlyForDeploymentPostprocessing = 0;
		};
/* End PBXResourcesBuildPhase section */

/* Begin PBXShellScriptBuildPhase section */
		20E6BC3B55B54364FF473910 /* [CP] Embed Pods Frameworks */ = {
			isa = PBXShellScriptBuildPhase;
			buildActionMask = 2147483647;
			files = (
			);
			inputFileListPaths = (
				"${PODS_ROOT}/Target Support Files/Pods-RestaurantSearcher/Pods-RestaurantSearcher-frameworks-${CONFIGURATION}-input-files.xcfilelist",
			);
			name = "[CP] Embed Pods Frameworks";
			outputFileListPaths = (
				"${PODS_ROOT}/Target Support Files/Pods-RestaurantSearcher/Pods-RestaurantSearcher-frameworks-${CONFIGURATION}-output-files.xcfilelist",
			);
			runOnlyForDeploymentPostprocessing = 0;
			shellPath = /bin/sh;
			shellScript = "\"${PODS_ROOT}/Target Support Files/Pods-RestaurantSearcher/Pods-RestaurantSearcher-frameworks.sh\"\n";
			showEnvVarsInLog = 0;
		};
		C96723814CAF12C6F7BDB5C3 /* [CP] Check Pods Manifest.lock */ = {
			isa = PBXShellScriptBuildPhase;
			buildActionMask = 2147483647;
			files = (
			);
			inputFileListPaths = (
			);
			inputPaths = (
				"${PODS_PODFILE_DIR_PATH}/Podfile.lock",
				"${PODS_ROOT}/Manifest.lock",
			);
			name = "[CP] Check Pods Manifest.lock";
			outputFileListPaths = (
			);
			outputPaths = (
				"$(DERIVED_FILE_DIR)/Pods-RestaurantSearcher-checkManifestLockResult.txt",
			);
			runOnlyForDeploymentPostprocessing = 0;
			shellPath = /bin/sh;
			shellScript = "diff \"${PODS_PODFILE_DIR_PATH}/Podfile.lock\" \"${PODS_ROOT}/Manifest.lock\" > /dev/null\nif [ $? != 0 ] ; then\n    # print error to STDERR\n    echo \"error: The sandbox is not in sync with the Podfile.lock. Run 'pod install' or update your CocoaPods installation.\" >&2\n    exit 1\nfi\n# This output is used by Xcode 'outputs' to avoid re-running this script phase.\necho \"SUCCESS\" > \"${SCRIPT_OUTPUT_FILE_0}\"\n";
			showEnvVarsInLog = 0;
		};
/* End PBXShellScriptBuildPhase section */

/* Begin PBXSourcesBuildPhase section */
		8452AFC3241B691000364C8D /* Sources */ = {
			isa = PBXSourcesBuildPhase;
			buildActionMask = 2147483647;
			files = (
				8452AFE1241CC43800364C8D /* Restaurans.swift in Sources */,
				8452AFCF241B691000364C8D /* ViewController.swift in Sources */,
				8417E2152427A51700E0B0F2 /* RatingTableViewCell.swift in Sources */,
				8452AFCB241B691000364C8D /* AppDelegate.swift in Sources */,
				847AE48E242104F500C2FAD4 /* ResultViewController.swift in Sources */,
				8417E21224279A3F00E0B0F2 /* Rating.swift in Sources */,
				8402C6D2241DBA50002923BF /* TableViewCell.swift in Sources */,
				8452AFCD241B691000364C8D /* SceneDelegate.swift in Sources */,
				8402C6D5241DE583002923BF /* DetailViewController.swift in Sources */,
			);
			runOnlyForDeploymentPostprocessing = 0;
		};
/* End PBXSourcesBuildPhase section */

/* Begin PBXVariantGroup section */
		8452AFD0241B691000364C8D /* Main.storyboard */ = {
			isa = PBXVariantGroup;
			children = (
				8452AFD1241B691000364C8D /* Base */,
			);
			name = Main.storyboard;
			sourceTree = "<group>";
		};
		8452AFD5241B691400364C8D /* LaunchScreen.storyboard */ = {
			isa = PBXVariantGroup;
			children = (
				8452AFD6241B691400364C8D /* Base */,
			);
			name = LaunchScreen.storyboard;
			sourceTree = "<group>";
		};
/* End PBXVariantGroup section */

/* Begin XCBuildConfiguration section */
		8452AFD9241B691400364C8D /* Debug */ = {
			isa = XCBuildConfiguration;
			buildSettings = {
				ALWAYS_SEARCH_USER_PATHS = NO;
				CLANG_ANALYZER_NONNULL = YES;
				CLANG_ANALYZER_NUMBER_OBJECT_CONVERSION = YES_AGGRESSIVE;
				CLANG_CXX_LANGUAGE_STANDARD = "gnu++14";
				CLANG_CXX_LIBRARY = "libc++";
				CLANG_ENABLE_MODULES = YES;
				CLANG_ENABLE_OBJC_ARC = YES;
				CLANG_ENABLE_OBJC_WEAK = YES;
				CLANG_WARN_BLOCK_CAPTURE_AUTORELEASING = YES;
				CLANG_WARN_BOOL_CONVERSION = YES;
				CLANG_WARN_COMMA = YES;
				CLANG_WARN_CONSTANT_CONVERSION = YES;
				CLANG_WARN_DEPRECATED_OBJC_IMPLEMENTATIONS = YES;
				CLANG_WARN_DIRECT_OBJC_ISA_USAGE = YES_ERROR;
				CLANG_WARN_DOCUMENTATION_COMMENTS = YES;
				CLANG_WARN_EMPTY_BODY = YES;
				CLANG_WARN_ENUM_CONVERSION = YES;
				CLANG_WARN_INFINITE_RECURSION = YES;
				CLANG_WARN_INT_CONVERSION = YES;
				CLANG_WARN_NON_LITERAL_NULL_CONVERSION = YES;
				CLANG_WARN_OBJC_IMPLICIT_RETAIN_SELF = YES;
				CLANG_WARN_OBJC_LITERAL_CONVERSION = YES;
				CLANG_WARN_OBJC_ROOT_CLASS = YES_ERROR;
				CLANG_WARN_RANGE_LOOP_ANALYSIS = YES;
				CLANG_WARN_STRICT_PROTOTYPES = YES;
				CLANG_WARN_SUSPICIOUS_MOVE = YES;
				CLANG_WARN_UNGUARDED_AVAILABILITY = YES_AGGRESSIVE;
				CLANG_WARN_UNREACHABLE_CODE = YES;
				CLANG_WARN__DUPLICATE_METHOD_MATCH = YES;
				COPY_PHASE_STRIP = NO;
				DEBUG_INFORMATION_FORMAT = dwarf;
				ENABLE_STRICT_OBJC_MSGSEND = YES;
				ENABLE_TESTABILITY = YES;
				GCC_C_LANGUAGE_STANDARD = gnu11;
				GCC_DYNAMIC_NO_PIC = NO;
				GCC_NO_COMMON_BLOCKS = YES;
				GCC_OPTIMIZATION_LEVEL = 0;
				GCC_PREPROCESSOR_DEFINITIONS = (
					"DEBUG=1",
					"$(inherited)",
				);
				GCC_WARN_64_TO_32_BIT_CONVERSION = YES;
				GCC_WARN_ABOUT_RETURN_TYPE = YES_ERROR;
				GCC_WARN_UNDECLARED_SELECTOR = YES;
				GCC_WARN_UNINITIALIZED_AUTOS = YES_AGGRESSIVE;
				GCC_WARN_UNUSED_FUNCTION = YES;
				GCC_WARN_UNUSED_VARIABLE = YES;
				IPHONEOS_DEPLOYMENT_TARGET = 13.2;
				MTL_ENABLE_DEBUG_INFO = INCLUDE_SOURCE;
				MTL_FAST_MATH = YES;
				ONLY_ACTIVE_ARCH = YES;
				SDKROOT = iphoneos;
				SWIFT_ACTIVE_COMPILATION_CONDITIONS = DEBUG;
				SWIFT_OPTIMIZATION_LEVEL = "-Onone";
			};
			name = Debug;
		};
		8452AFDA241B691400364C8D /* Release */ = {
			isa = XCBuildConfiguration;
			buildSettings = {
				ALWAYS_SEARCH_USER_PATHS = NO;
				CLANG_ANALYZER_NONNULL = YES;
				CLANG_ANALYZER_NUMBER_OBJECT_CONVERSION = YES_AGGRESSIVE;
				CLANG_CXX_LANGUAGE_STANDARD = "gnu++14";
				CLANG_CXX_LIBRARY = "libc++";
				CLANG_ENABLE_MODULES = YES;
				CLANG_ENABLE_OBJC_ARC = YES;
				CLANG_ENABLE_OBJC_WEAK = YES;
				CLANG_WARN_BLOCK_CAPTURE_AUTORELEASING = YES;
				CLANG_WARN_BOOL_CONVERSION = YES;
				CLANG_WARN_COMMA = YES;
				CLANG_WARN_CONSTANT_CONVERSION = YES;
				CLANG_WARN_DEPRECATED_OBJC_IMPLEMENTATIONS = YES;
				CLANG_WARN_DIRECT_OBJC_ISA_USAGE = YES_ERROR;
				CLANG_WARN_DOCUMENTATION_COMMENTS = YES;
				CLANG_WARN_EMPTY_BODY = YES;
				CLANG_WARN_ENUM_CONVERSION = YES;
				CLANG_WARN_INFINITE_RECURSION = YES;
				CLANG_WARN_INT_CONVERSION = YES;
				CLANG_WARN_NON_LITERAL_NULL_CONVERSION = YES;
				CLANG_WARN_OBJC_IMPLICIT_RETAIN_SELF = YES;
				CLANG_WARN_OBJC_LITERAL_CONVERSION = YES;
				CLANG_WARN_OBJC_ROOT_CLASS = YES_ERROR;
				CLANG_WARN_RANGE_LOOP_ANALYSIS = YES;
				CLANG_WARN_STRICT_PROTOTYPES = YES;
				CLANG_WARN_SUSPICIOUS_MOVE = YES;
				CLANG_WARN_UNGUARDED_AVAILABILITY = YES_AGGRESSIVE;
				CLANG_WARN_UNREACHABLE_CODE = YES;
				CLANG_WARN__DUPLICATE_METHOD_MATCH = YES;
				COPY_PHASE_STRIP = NO;
				DEBUG_INFORMATION_FORMAT = "dwarf-with-dsym";
				ENABLE_NS_ASSERTIONS = NO;
				ENABLE_STRICT_OBJC_MSGSEND = YES;
				GCC_C_LANGUAGE_STANDARD = gnu11;
				GCC_NO_COMMON_BLOCKS = YES;
				GCC_WARN_64_TO_32_BIT_CONVERSION = YES;
				GCC_WARN_ABOUT_RETURN_TYPE = YES_ERROR;
				GCC_WARN_UNDECLARED_SELECTOR = YES;
				GCC_WARN_UNINITIALIZED_AUTOS = YES_AGGRESSIVE;
				GCC_WARN_UNUSED_FUNCTION = YES;
				GCC_WARN_UNUSED_VARIABLE = YES;
				IPHONEOS_DEPLOYMENT_TARGET = 13.2;
				MTL_ENABLE_DEBUG_INFO = NO;
				MTL_FAST_MATH = YES;
				SDKROOT = iphoneos;
				SWIFT_COMPILATION_MODE = wholemodule;
				SWIFT_OPTIMIZATION_LEVEL = "-O";
				VALIDATE_PRODUCT = YES;
			};
			name = Release;
		};
		8452AFDC241B691400364C8D /* Debug */ = {
			isa = XCBuildConfiguration;
			baseConfigurationReference = 94E1042CFBDC6EF56F283FAC /* Pods-RestaurantSearcher.debug.xcconfig */;
			buildSettings = {
				ASSETCATALOG_COMPILER_APPICON_NAME = AppIcon;
				CODE_SIGN_STYLE = Automatic;
				DEVELOPMENT_TEAM = 29NN5B6677;
				INFOPLIST_FILE = RestaurantSearcher/Info.plist;
				LD_RUNPATH_SEARCH_PATHS = (
					"$(inherited)",
					"@executable_path/Frameworks",
				);
				PRODUCT_BUNDLE_IDENTIFIER = com.terumu.RestaurantSearcher;
				PRODUCT_NAME = "$(TARGET_NAME)";
				SWIFT_VERSION = 5.0;
				TARGETED_DEVICE_FAMILY = "1,2";
			};
			name = Debug;
		};
		8452AFDD241B691400364C8D /* Release */ = {
			isa = XCBuildConfiguration;
			baseConfigurationReference = 4FFF1566392CDDC833FD15B1 /* Pods-RestaurantSearcher.release.xcconfig */;
			buildSettings = {
				ASSETCATALOG_COMPILER_APPICON_NAME = AppIcon;
				CODE_SIGN_STYLE = Automatic;
				DEVELOPMENT_TEAM = 29NN5B6677;
				INFOPLIST_FILE = RestaurantSearcher/Info.plist;
				LD_RUNPATH_SEARCH_PATHS = (
					"$(inherited)",
					"@executable_path/Frameworks",
				);
				PRODUCT_BUNDLE_IDENTIFIER = com.terumu.RestaurantSearcher;
				PRODUCT_NAME = "$(TARGET_NAME)";
				SWIFT_VERSION = 5.0;
				TARGETED_DEVICE_FAMILY = "1,2";
			};
			name = Release;
		};
/* End XCBuildConfiguration section */

/* Begin XCConfigurationList section */
		8452AFC2241B691000364C8D /* Build configuration list for PBXProject "RestaurantSearcher" */ = {
			isa = XCConfigurationList;
			buildConfigurations = (
				8452AFD9241B691400364C8D /* Debug */,
				8452AFDA241B691400364C8D /* Release */,
			);
			defaultConfigurationIsVisible = 0;
			defaultConfigurationName = Release;
		};
		8452AFDB241B691400364C8D /* Build configuration list for PBXNativeTarget "RestaurantSearcher" */ = {
			isa = XCConfigurationList;
			buildConfigurations = (
				8452AFDC241B691400364C8D /* Debug */,
				8452AFDD241B691400364C8D /* Release */,
			);
			defaultConfigurationIsVisible = 0;
			defaultConfigurationName = Release;
		};
/* End XCConfigurationList section */
	};
	rootObject = 8452AFBF241B691000364C8D /* Project object */;
}
